{
    "name": "task-man2.0",
    "version": "1.0.0",
    "lockfileVersion": 1,
    "requires": true,
    "dependencies": {
        "acorn": {
            "version": "5.5.3",
            "resolved": "https://registry.npmjs.org/acorn/-/acorn-5.5.3.tgz",
            "integrity": "sha512-jd5MkIUlbbmb07nXH0DT3y7rDVtkzDi4XZOUVWAer8ajmF/DTSSbl5oNFyDOl/OXA33Bl79+ypHhl2pN20VeOQ=="
        },
        "acorn-jsx": {
            "version": "3.0.1",
            "resolved": "https://registry.npmjs.org/acorn-jsx/-/acorn-jsx-3.0.1.tgz",
            "integrity": "sha1-r9+UiPsezvyDSPb7IvRk4ypYs2s=",
            "requires": {
                "acorn": "3.3.0"
            },
            "dependencies": {
                "acorn": {
                    "version": "3.3.0",
                    "resolved": "https://registry.npmjs.org/acorn/-/acorn-3.3.0.tgz",
                    "integrity": "sha1-ReN/s56No/JbruP/U2niu18iAXo="
                }
            }
        },
        "debug": {
            "version": "3.1.0",
            "resolved": "https://registry.npmjs.org/debug/-/debug-3.1.0.tgz",
            "integrity": "sha512-OX8XqP7/1a9cqkxYw2yXss15f26NKWBpDXQd0/uK/KPqdQhxbPa994hnzjcE2VqQpDslf55723cKPUOGSmMY3g==",
            "requires": {
                "ms": "2.0.0"
            }
        },
        "eslint-plugin-vue": {
            "version": "4.5.0",
            "resolved": "https://registry.npmjs.org/eslint-plugin-vue/-/eslint-plugin-vue-4.5.0.tgz",
            "integrity": "sha512-2CDidjAZ875tbJgtjKihIQRkqxgk3gVUDOAW2e9dP+Kf39jhCwKy6aMXIsHRKCPjRqQhDWF0jtVRNcywBFWTZA==",
            "requires": {
                "vue-eslint-parser": "2.0.3"
            }
        },
        "eslint-scope": {
            "version": "3.7.1",
            "resolved": "https://registry.npmjs.org/eslint-scope/-/eslint-scope-3.7.1.tgz",
            "integrity": "sha1-PWPD7f2gLgbgGkUq2IyqzHzctug=",
            "requires": {
                "esrecurse": "4.2.1",
                "estraverse": "4.2.0"
            }
        },
        "eslint-visitor-keys": {
            "version": "1.0.0",
            "resolved": "https://registry.npmjs.org/eslint-visitor-keys/-/eslint-visitor-keys-1.0.0.tgz",
            "integrity": "sha512-qzm/XxIbxm/FHyH341ZrbnMUpe+5Bocte9xkmFMzPMjRaZMcXww+MpBptFvtU+79L362nqiLhekCxCxDPaUMBQ=="
        },
        "espree": {
            "version": "3.5.4",
            "resolved": "https://registry.npmjs.org/espree/-/espree-3.5.4.tgz",
            "integrity": "sha512-yAcIQxtmMiB/jL32dzEp2enBeidsB7xWPLNiw3IIkpVds1P+h7qF9YwJq1yUNzp2OKXgAprs4F61ih66UsoD1A==",
            "requires": {
                "acorn": "5.5.3",
                "acorn-jsx": "3.0.1"
            }
        },
        "esquery": {
            "version": "1.0.1",
            "resolved": "https://registry.npmjs.org/esquery/-/esquery-1.0.1.tgz",
            "integrity": "sha512-SmiyZ5zIWH9VM+SRUReLS5Q8a7GxtRdxEBVZpm98rJM7Sb+A9DVCndXfkeFUd3byderg+EbDkfnevfCwynWaNA==",
            "requires": {
                "estraverse": "4.2.0"
            }
        },
        "esrecurse": {
            "version": "4.2.1",
            "resolved": "https://registry.npmjs.org/esrecurse/-/esrecurse-4.2.1.tgz",
            "integrity": "sha512-64RBB++fIOAXPw3P9cy89qfMlvZEXZkqqJkjqqXIvzP5ezRZjW+lPWjw35UX/3EhUPFYbg5ER4JYgDw4007/DQ==",
            "requires": {
                "estraverse": "4.2.0"
            }
        },
        "estraverse": {
            "version": "4.2.0",
            "resolved": "https://registry.npmjs.org/estraverse/-/estraverse-4.2.0.tgz",
            "integrity": "sha1-De4/7TH81GlhjOc0IJn8GvoL2xM="
        },
        "lodash": {
            "version": "4.17.10",
            "resolved": "https://registry.npmjs.org/lodash/-/lodash-4.17.10.tgz",
            "integrity": "sha512-UejweD1pDoXu+AD825lWwp4ZGtSwgnpZxb3JDViD7StjQz+Nb/6l093lx4OQ0foGWNRoc19mWy7BzL+UAK2iVg=="
        },
        "ms": {
            "version": "2.0.0",
            "resolved": "https://registry.npmjs.org/ms/-/ms-2.0.0.tgz",
            "integrity": "sha1-VgiurfwAvmwpAd9fmGF4jeDVl8g="
        },
        "vue-eslint-parser": {
            "version": "2.0.3",
            "resolved": "https://registry.npmjs.org/vue-eslint-parser/-/vue-eslint-parser-2.0.3.tgz",
            "integrity": "sha512-ZezcU71Owm84xVF6gfurBQUGg8WQ+WZGxgDEQu1IHFBZNx7BFZg3L1yHxrCBNNwbwFtE1GuvfJKMtb6Xuwc/Bw==",
            "requires": {
                "debug": "3.1.0",
                "eslint-scope": "3.7.1",
                "eslint-visitor-keys": "1.0.0",
                "espree": "3.5.4",
                "esquery": "1.0.1",
                "lodash": "4.17.10"
            }
        }
    }
}
